
Microsoft Visual Studio Solution File, Format Version 12.00
# Visual Studio Version 16
VisualStudioVersion = 16.0.32126.315
MinimumVisualStudioVersion = 10.0.40219.1
Project("{FAE04EC0-301F-11D3-BF4B-00C04F79EFBC}") = "Чат_БОТ", "Чат_БОТ\Чат_БОТ.csproj", "{56D7F536-38BE-41AA-B552-C50CA62E250A}"
EndProject
Project("{2150E333-8FDC-42A3-9474-1A3956D46DE8}") = "TEST Interface", "TEST Interface", "{365FC3C3-9137-40F3-8B4E-37FFD821C5EA}"
EndProject
Project("{FAE04EC0-301F-11D3-BF4B-00C04F79EFBC}") = "Test", "TEST Interface\Test\Test.csproj", "{0196974F-B9D0-449C-8492-094B38F901EA}"
EndProject
Global
	GlobalSection(SolutionConfigurationPlatforms) = preSolution
		Debug|Any CPU = Debug|Any CPU
		Release|Any CPU = Release|Any CPU
	EndGlobalSection
	GlobalSection(ProjectConfigurationPlatforms) = postSolution
		{56D7F536-38BE-41AA-B552-C50CA62E250A}.Debug|Any CPU.ActiveCfg = Debug|Any CPU
		{56D7F536-38BE-41AA-B552-C50CA62E250A}.Debug|Any CPU.Build.0 = Debug|Any CPU
		{56D7F536-38BE-41AA-B552-C50CA62E250A}.Release|Any CPU.ActiveCfg = Release|Any CPU
		{56D7F536-38BE-41AA-B552-C50CA62E250A}.Release|Any CPU.Build.0 = Release|Any CPU
		{0196974F-B9D0-449C-8492-094B38F901EA}.Debug|Any CPU.ActiveCfg = Debug|Any CPU
		{0196974F-B9D0-449C-8492-094B38F901EA}.Debug|Any CPU.Build.0 = Debug|Any CPU
		{0196974F-B9D0-449C-8492-094B38F901EA}.Release|Any CPU.ActiveCfg = Release|Any CPU
		{0196974F-B9D0-449C-8492-094B38F901EA}.Release|Any CPU.Build.0 = Release|Any CPU
	EndGlobalSection
	GlobalSection(SolutionProperties) = preSolution
		HideSolutionNode = FALSE
	EndGlobalSection
	GlobalSection(NestedProjects) = preSolution
		{0196974F-B9D0-449C-8492-094B38F901EA} = {365FC3C3-9137-40F3-8B4E-37FFD821C5EA}
	EndGlobalSection
	GlobalSection(ExtensibilityGlobals) = postSolution
		SolutionGuid = {93791432-4858-4A1E-AEBE-567AA80C051B}
	EndGlobalSection
EndGlobal
